Microsoft Visual Studio Solution File, Format Version 7.00
Project("{8BC9CEB8-8B4A-11D0-8D11-00A0C91BC942}") = "AlignPE", "AlignPE.vcproj", "{B3B38723-ECDD-4452-A61C-0D910116793C}"
EndProject
Project("{8BC9CEB8-8B4A-11D0-8D11-00A0C91BC942}") = "pe", "..\..\pe.vcproj", "{A0976224-7E72-490E-8E67-CF4A377537E6}"
EndProject
Global
	GlobalSection(SolutionConfiguration) = preSolution
		ConfigName.0 = Debug
		ConfigName.1 = Release
	EndGlobalSection
	GlobalSection(ProjectDependencies) = postSolution
		{B3B38723-ECDD-4452-A61C-0D910116793C}.0 = {A0976224-7E72-490E-8E67-CF4A377537E6}
	EndGlobalSection
	GlobalSection(ProjectConfiguration) = postSolution
		{B3B38723-ECDD-4452-A61C-0D910116793C}.Debug.ActiveCfg = Debug|Win32
		{B3B38723-ECDD-4452-A61C-0D910116793C}.Debug.Build.0 = Debug|Win32
		{B3B38723-ECDD-4452-A61C-0D910116793C}.Release.ActiveCfg = Release|Win32
		{B3B38723-ECDD-4452-A61C-0D910116793C}.Release.Build.0 = Release|Win32
		{A0976224-7E72-490E-8E67-CF4A377537E6}.Debug.ActiveCfg = Debug|Win32
		{A0976224-7E72-490E-8E67-CF4A377537E6}.Debug.Build.0 = Debug|Win32
		{A0976224-7E72-490E-8E67-CF4A377537E6}.Release.ActiveCfg = Release|Win32
		{A0976224-7E72-490E-8E67-CF4A377537E6}.Release.Build.0 = Release|Win32
	EndGlobalSection
	GlobalSection(ExtensibilityGlobals) = postSolution
	EndGlobalSection
	GlobalSection(ExtensibilityAddIns) = postSolution
	EndGlobalSection
EndGlobal
