Microsoft Visual Studio Solution File, Format Version 8.00
Project("{8BC9CEB8-8B4A-11D0-8D11-00A0C91BC942}") = "pe", "pe.vcproj", "{038A9BAB-8860-4B83-A427-E73E65809463}"
	ProjectSection(ProjectDependencies) = postProject
	EndProjectSection
EndProject
Global
	GlobalSection(SolutionConfiguration) = preSolution
		Debug = Debug
		Release = Release
	EndGlobalSection
	GlobalSection(ProjectDependencies) = postSolution
	EndGlobalSection
	GlobalSection(ProjectConfiguration) = postSolution
		{038A9BAB-8860-4B83-A427-E73E65809463}.Debug.ActiveCfg = Debug|Win32
		{038A9BAB-8860-4B83-A427-E73E65809463}.Debug.Build.0 = Debug|Win32
		{038A9BAB-8860-4B83-A427-E73E65809463}.Release.ActiveCfg = Release|Win32
		{038A9BAB-8860-4B83-A427-E73E65809463}.Release.Build.0 = Release|Win32
	EndGlobalSection
	GlobalSection(ExtensibilityGlobals) = postSolution
	EndGlobalSection
	GlobalSection(ExtensibilityAddIns) = postSolution
	EndGlobalSection
EndGlobal
