Microsoft Visual Studio Solution File, Format Version 7.00
Project("{8BC9CEB8-8B4A-11D0-8D11-00A0C91BC942}") = "SetStub", "SetStub.vcproj", "{32AD07D8-D98A-4960-8EB7-4A360BB6AD0D}"
EndProject
Project("{8BC9CEB8-8B4A-11D0-8D11-00A0C91BC942}") = "pe", "..\..\pe.vcproj", "{0A4467BD-4D89-4494-A06A-650D03B3F1A5}"
EndProject
Global
	GlobalSection(SolutionConfiguration) = preSolution
		ConfigName.0 = Debug
		ConfigName.1 = Release
	EndGlobalSection
	GlobalSection(ProjectDependencies) = postSolution
		{32AD07D8-D98A-4960-8EB7-4A360BB6AD0D}.0 = {0A4467BD-4D89-4494-A06A-650D03B3F1A5}
	EndGlobalSection
	GlobalSection(ProjectConfiguration) = postSolution
		{32AD07D8-D98A-4960-8EB7-4A360BB6AD0D}.Debug.ActiveCfg = Debug|Win32
		{32AD07D8-D98A-4960-8EB7-4A360BB6AD0D}.Debug.Build.0 = Debug|Win32
		{32AD07D8-D98A-4960-8EB7-4A360BB6AD0D}.Release.ActiveCfg = Release|Win32
		{32AD07D8-D98A-4960-8EB7-4A360BB6AD0D}.Release.Build.0 = Release|Win32
		{0A4467BD-4D89-4494-A06A-650D03B3F1A5}.Debug.ActiveCfg = Debug|Win32
		{0A4467BD-4D89-4494-A06A-650D03B3F1A5}.Debug.Build.0 = Debug|Win32
		{0A4467BD-4D89-4494-A06A-650D03B3F1A5}.Release.ActiveCfg = Release|Win32
		{0A4467BD-4D89-4494-A06A-650D03B3F1A5}.Release.Build.0 = Release|Win32
	EndGlobalSection
	GlobalSection(ExtensibilityGlobals) = postSolution
	EndGlobalSection
	GlobalSection(ExtensibilityAddIns) = postSolution
	EndGlobalSection
EndGlobal
