Microsoft Visual Studio Solution File, Format Version 7.00
Project("{8BC9CEB8-8B4A-11D0-8D11-00A0C91BC942}") = "ExportAdder", "ExportAdder.vcproj", "{766EF977-ED58-4599-A95B-B2552D13C1D8}"
EndProject
Project("{8BC9CEB8-8B4A-11D0-8D11-00A0C91BC942}") = "pe", "..\..\pe.vcproj", "{8DC496AE-9A82-4694-8A25-7D345B773A4B}"
EndProject
Global
	GlobalSection(SolutionConfiguration) = preSolution
		ConfigName.0 = Debug
		ConfigName.1 = Release
	EndGlobalSection
	GlobalSection(ProjectDependencies) = postSolution
		{766EF977-ED58-4599-A95B-B2552D13C1D8}.0 = {8DC496AE-9A82-4694-8A25-7D345B773A4B}
	EndGlobalSection
	GlobalSection(ProjectConfiguration) = postSolution
		{766EF977-ED58-4599-A95B-B2552D13C1D8}.Debug.ActiveCfg = Debug|Win32
		{766EF977-ED58-4599-A95B-B2552D13C1D8}.Debug.Build.0 = Debug|Win32
		{766EF977-ED58-4599-A95B-B2552D13C1D8}.Release.ActiveCfg = Release|Win32
		{766EF977-ED58-4599-A95B-B2552D13C1D8}.Release.Build.0 = Release|Win32
		{8DC496AE-9A82-4694-8A25-7D345B773A4B}.Debug.ActiveCfg = Debug|Win32
		{8DC496AE-9A82-4694-8A25-7D345B773A4B}.Debug.Build.0 = Debug|Win32
		{8DC496AE-9A82-4694-8A25-7D345B773A4B}.Release.ActiveCfg = Release|Win32
		{8DC496AE-9A82-4694-8A25-7D345B773A4B}.Release.Build.0 = Release|Win32
	EndGlobalSection
	GlobalSection(ExtensibilityGlobals) = postSolution
	EndGlobalSection
	GlobalSection(ExtensibilityAddIns) = postSolution
	EndGlobalSection
EndGlobal
