Microsoft Visual Studio Solution File, Format Version 7.00
Project("{8BC9CEB8-8B4A-11D0-8D11-00A0C91BC942}") = "ExportInfo", "ExportInfo.vcproj", "{43CAAC10-F4A0-4ADB-AC69-F3BABE1ED531}"
EndProject
Project("{8BC9CEB8-8B4A-11D0-8D11-00A0C91BC942}") = "pe", "..\..\pe.vcproj", "{EE516116-9842-4F39-8564-700F91F0552E}"
EndProject
Global
	GlobalSection(SolutionConfiguration) = preSolution
		ConfigName.0 = Debug
		ConfigName.1 = Release
	EndGlobalSection
	GlobalSection(ProjectDependencies) = postSolution
		{43CAAC10-F4A0-4ADB-AC69-F3BABE1ED531}.0 = {EE516116-9842-4F39-8564-700F91F0552E}
	EndGlobalSection
	GlobalSection(ProjectConfiguration) = postSolution
		{43CAAC10-F4A0-4ADB-AC69-F3BABE1ED531}.Debug.ActiveCfg = Debug|Win32
		{43CAAC10-F4A0-4ADB-AC69-F3BABE1ED531}.Debug.Build.0 = Debug|Win32
		{43CAAC10-F4A0-4ADB-AC69-F3BABE1ED531}.Release.ActiveCfg = Release|Win32
		{43CAAC10-F4A0-4ADB-AC69-F3BABE1ED531}.Release.Build.0 = Release|Win32
		{EE516116-9842-4F39-8564-700F91F0552E}.Debug.ActiveCfg = Debug|Win32
		{EE516116-9842-4F39-8564-700F91F0552E}.Debug.Build.0 = Debug|Win32
		{EE516116-9842-4F39-8564-700F91F0552E}.Release.ActiveCfg = Release|Win32
		{EE516116-9842-4F39-8564-700F91F0552E}.Release.Build.0 = Release|Win32
	EndGlobalSection
	GlobalSection(ExtensibilityGlobals) = postSolution
	EndGlobalSection
	GlobalSection(ExtensibilityAddIns) = postSolution
	EndGlobalSection
EndGlobal
